{
  "meteor": {},
  "dependencies": {
    "basePackages": {
      "Universe Core": {
        "path": "."
      }
    },
    "packages": {
      "Universe Core": {
        "path": "."
      },
      "collection2": {
        "git": "https://github.com/aldeed/meteor-collection2.git",
        "tag": "v0.4.5",
        "commit": "336903730249197b3358dac31b1bd5ed64fecc50"
      },
      "simple-schema": {
        "git": "https://github.com/aldeed/meteor-simple-schema.git",
        "tag": "v0.6.0",
        "commit": "418ec496612fb2afc853e342f0d2269b6674a2fe"
      }
    }
  }
}
